// !$*UTF8*$!
{
	archiveVersion = 1;
	classes = {
	};
	objectVersion = 50;
	objects = {

/* Begin PBXBuildFile section */
		171760A6218DB932000AA530 /* AppDelegate.swift in Sources */ = {isa = PBXBuildFile; fileRef = 171760A5218DB932000AA530 /* AppDelegate.swift */; };
		171760A8218DB932000AA530 /* ViewController.swift in Sources */ = {isa = PBXBuildFile; fileRef = 171760A7218DB932000AA530 /* ViewController.swift */; };
		171760AB218DB932000AA530 /* Main.storyboard in Resources */ = {isa = PBXBuildFile; fileRef = 171760A9218DB932000AA530 /* Main.storyboard */; };
		171760AD218DB935000AA530 /* Assets.xcassets in Resources */ = {isa = PBXBuildFile; fileRef = 171760AC218DB935000AA530 /* Assets.xcassets */; };
		171760B0218DB935000AA530 /* LaunchScreen.storyboard in Resources */ = {isa = PBXBuildFile; fileRef = 171760AE218DB935000AA530 /* LaunchScreen.storyboard */; };
		171760B8218DD50C000AA530 /* RequestManager.swift in Sources */ = {isa = PBXBuildFile; fileRef = 171760B7218DD50C000AA530 /* RequestManager.swift */; };
		171760BB218F0C29000AA530 /* Post.swift in Sources */ = {isa = PBXBuildFile; fileRef = 171760BA218F0C29000AA530 /* Post.swift */; };
		171760BD218F0CE9000AA530 /* UserModels.swift in Sources */ = {isa = PBXBuildFile; fileRef = 171760BC218F0CE9000AA530 /* UserModels.swift */; };
		171760BF218F3271000AA530 /* Constants.swift in Sources */ = {isa = PBXBuildFile; fileRef = 171760BE218F3271000AA530 /* Constants.swift */; };
/* End PBXBuildFile section */

/* Begin PBXFileReference section */
		171760A2218DB932000AA530 /* summer2018Networking.app */ = {isa = PBXFileReference; explicitFileType = wrapper.application; includeInIndex = 0; path = summer2018Networking.app; sourceTree = BUILT_PRODUCTS_DIR; };
		171760A5218DB932000AA530 /* AppDelegate.swift */ = {isa = PBXFileReference; lastKnownFileType = sourcecode.swift; path = AppDelegate.swift; sourceTree = "<group>"; };
		171760A7218DB932000AA530 /* ViewController.swift */ = {isa = PBXFileReference; lastKnownFileType = sourcecode.swift; path = ViewController.swift; sourceTree = "<group>"; };
		171760AA218DB932000AA530 /* Base */ = {isa = PBXFileReference; lastKnownFileType = file.storyboard; name = Base; path = Base.lproj/Main.storyboard; sourceTree = "<group>"; };
		171760AC218DB935000AA530 /* Assets.xcassets */ = {isa = PBXFileReference; lastKnownFileType = folder.assetcatalog; path = Assets.xcassets; sourceTree = "<group>"; };
		171760AF218DB935000AA530 /* Base */ = {isa = PBXFileReference; lastKnownFileType = file.storyboard; name = Base; path = Base.lproj/LaunchScreen.storyboard; sourceTree = "<group>"; };
		171760B1218DB935000AA530 /* Info.plist */ = {isa = PBXFileReference; lastKnownFileType = text.plist.xml; path = Info.plist; sourceTree = "<group>"; };
		171760B7218DD50C000AA530 /* RequestManager.swift */ = {isa = PBXFileReference; lastKnownFileType = sourcecode.swift; path = RequestManager.swift; sourceTree = "<group>"; };
		171760BA218F0C29000AA530 /* Post.swift */ = {isa = PBXFileReference; lastKnownFileType = sourcecode.swift; path = Post.swift; sourceTree = "<group>"; };
		171760BC218F0CE9000AA530 /* UserModels.swift */ = {isa = PBXFileReference; lastKnownFileType = sourcecode.swift; path = UserModels.swift; sourceTree = "<group>"; };
		171760BE218F3271000AA530 /* Constants.swift */ = {isa = PBXFileReference; lastKnownFileType = sourcecode.swift; path = Constants.swift; sourceTree = "<group>"; };
/* End PBXFileReference section */

/* Begin PBXFrameworksBuildPhase section */
		1717609F218DB932000AA530 /* Frameworks */ = {
			isa = PBXFrameworksBuildPhase;
			buildActionMask = 2147483647;
			files = (
			);
			runOnlyForDeploymentPostprocessing = 0;
		};
/* End PBXFrameworksBuildPhase section */

/* Begin PBXGroup section */
		17176099218DB932000AA530 = {
			isa = PBXGroup;
			children = (
				171760A4218DB932000AA530 /* summer2018Networking */,
				171760A3218DB932000AA530 /* Products */,
			);
			sourceTree = "<group>";
		};
		171760A3218DB932000AA530 /* Products */ = {
			isa = PBXGroup;
			children = (
				171760A2218DB932000AA530 /* summer2018Networking.app */,
			);
			name = Products;
			sourceTree = "<group>";
		};
		171760A4218DB932000AA530 /* summer2018Networking */ = {
			isa = PBXGroup;
			children = (
				171760B9218F0C0E000AA530 /* Models */,
				171760A5218DB932000AA530 /* AppDelegate.swift */,
				171760A7218DB932000AA530 /* ViewController.swift */,
				171760A9218DB932000AA530 /* Main.storyboard */,
				171760B7218DD50C000AA530 /* RequestManager.swift */,
				171760AC218DB935000AA530 /* Assets.xcassets */,
				171760AE218DB935000AA530 /* LaunchScreen.storyboard */,
				171760B1218DB935000AA530 /* Info.plist */,
				171760BE218F3271000AA530 /* Constants.swift */,
			);
			path = summer2018Networking;
			sourceTree = "<group>";
		};
		171760B9218F0C0E000AA530 /* Models */ = {
			isa = PBXGroup;
			children = (
				171760BA218F0C29000AA530 /* Post.swift */,
				171760BC218F0CE9000AA530 /* UserModels.swift */,
			);
			path = Models;
			sourceTree = "<group>";
		};
/* End PBXGroup section */

/* Begin PBXNativeTarget section */
		171760A1218DB932000AA530 /* summer2018Networking */ = {
			isa = PBXNativeTarget;
			buildConfigurationList = 171760B4218DB935000AA530 /* Build configuration list for PBXNativeTarget "summer2018Networking" */;
			buildPhases = (
				1717609E218DB932000AA530 /* Sources */,
				1717609F218DB932000AA530 /* Frameworks */,
				171760A0218DB932000AA530 /* Resources */,
			);
			buildRules = (
			);
			dependencies = (
			);
			name = summer2018Networking;
			productName = summer2018Networking;
			productReference = 171760A2218DB932000AA530 /* summer2018Networking.app */;
			productType = "com.apple.product-type.application";
		};
/* End PBXNativeTarget section */

/* Begin PBXProject section */
		1717609A218DB932000AA530 /* Project object */ = {
			isa = PBXProject;
			attributes = {
				LastSwiftUpdateCheck = 0940;
				LastUpgradeCheck = 0940;
				ORGANIZATIONNAME = bws2007;
				TargetAttributes = {
					171760A1218DB932000AA530 = {
						CreatedOnToolsVersion = 9.4.1;
					};
				};
			};
			buildConfigurationList = 1717609D218DB932000AA530 /* Build configuration list for PBXProject "summer2018Networking" */;
			compatibilityVersion = "Xcode 9.3";
			developmentRegion = en;
			hasScannedForEncodings = 0;
			knownRegions = (
				en,
				Base,
			);
			mainGroup = 17176099218DB932000AA530;
			productRefGroup = 171760A3218DB932000AA530 /* Products */;
			projectDirPath = "";
			projectRoot = "";
			targets = (
				171760A1218DB932000AA530 /* summer2018Networking */,
			);
		};
/* End PBXProject section */

/* Begin PBXResourcesBuildPhase section */
		171760A0218DB932000AA530 /* Resources */ = {
			isa = PBXResourcesBuildPhase;
			buildActionMask = 2147483647;
			files = (
				171760B0218DB935000AA530 /* LaunchScreen.storyboard in Resources */,
				171760AD218DB935000AA530 /* Assets.xcassets in Resources */,
				171760AB218DB932000AA530 /* Main.storyboard in Resources */,
			);
			runOnlyForDeploymentPostprocessing = 0;
		};
/* End PBXResourcesBuildPhase section */

/* Begin PBXSourcesBuildPhase section */
		1717609E218DB932000AA530 /* Sources */ = {
			isa = PBXSourcesBuildPhase;
			buildActionMask = 2147483647;
			files = (
				171760B8218DD50C000AA530 /* RequestManager.swift in Sources */,
				171760BD218F0CE9000AA530 /* UserModels.swift in Sources */,
				171760A8218DB932000AA530 /* ViewController.swift in Sources */,
				171760A6218DB932000AA530 /* AppDelegate.swift in Sources */,
				171760BB218F0C29000AA530 /* Post.swift in Sources */,
				171760BF218F3271000AA530 /* Constants.swift in Sources */,
			);
			runOnlyForDeploymentPostprocessing = 0;
		};
/* End PBXSourcesBuildPhase section */

/* Begin PBXVariantGroup section */
		171760A9218DB932000AA530 /* Main.storyboard */ = {
			isa = PBXVariantGroup;
			children = (
				171760AA218DB932000AA530 /* Base */,
			);
			name = Main.storyboard;
			sourceTree = "<group>";
		};
		171760AE218DB935000AA530 /* LaunchScreen.storyboard */ = {
			isa = PBXVariantGroup;
			children = (
				171760AF218DB935000AA530 /* Base */,
			);
			name = LaunchScreen.storyboard;
			sourceTree = "<group>";
		};
/* End PBXVariantGroup section */

/* Begin XCBuildConfiguration section */
		171760B2218DB935000AA530 /* Debug */ = {
			isa = XCBuildConfiguration;
			buildSettings = {
				ALWAYS_SEARCH_USER_PATHS = NO;
				CLANG_ANALYZER_NONNULL = YES;
				CLANG_ANALYZER_NUMBER_OBJECT_CONVERSION = YES_AGGRESSIVE;
				CLANG_CXX_LANGUAGE_STANDARD = "gnu++14";
				CLANG_CXX_LIBRARY = "libc++";
				CLANG_ENABLE_MODULES = YES;
				CLANG_ENABLE_OBJC_ARC = YES;
				CLANG_ENABLE_OBJC_WEAK = YES;
				CLANG_WARN_BLOCK_CAPTURE_AUTORELEASING = YES;
				CLANG_WARN_BOOL_CONVERSION = YES;
				CLANG_WARN_COMMA = YES;
				CLANG_WARN_CONSTANT_CONVERSION = YES;
				CLANG_WARN_DEPRECATED_OBJC_IMPLEMENTATIONS = YES;
				CLANG_WARN_DIRECT_OBJC_ISA_USAGE = YES_ERROR;
				CLANG_WARN_DOCUMENTATION_COMMENTS = YES;
				CLANG_WARN_EMPTY_BODY = YES;
				CLANG_WARN_ENUM_CONVERSION = YES;
				CLANG_WARN_INFINITE_RECURSION = YES;
				CLANG_WARN_INT_CONVERSION = YES;
				CLANG_WARN_NON_LITERAL_NULL_CONVERSION = YES;
				CLANG_WARN_OBJC_IMPLICIT_RETAIN_SELF = YES;
				CLANG_WARN_OBJC_LITERAL_CONVERSION = YES;
				CLANG_WARN_OBJC_ROOT_CLASS = YES_ERROR;
				CLANG_WARN_RANGE_LOOP_ANALYSIS = YES;
				CLANG_WARN_STRICT_PROTOTYPES = YES;
				CLANG_WARN_SUSPICIOUS_MOVE = YES;
				CLANG_WARN_UNGUARDED_AVAILABILITY = YES_AGGRESSIVE;
				CLANG_WARN_UNREACHABLE_CODE = YES;
				CLANG_WARN__DUPLICATE_METHOD_MATCH = YES;
				CODE_SIGN_IDENTITY = "iPhone Developer";
				COPY_PHASE_STRIP = NO;
				DEBUG_INFORMATION_FORMAT = dwarf;
				ENABLE_STRICT_OBJC_MSGSEND = YES;
				ENABLE_TESTABILITY = YES;
				GCC_C_LANGUAGE_STANDARD = gnu11;
				GCC_DYNAMIC_NO_PIC = NO;
				GCC_NO_COMMON_BLOCKS = YES;
				GCC_OPTIMIZATION_LEVEL = 0;
				GCC_PREPROCESSOR_DEFINITIONS = (
					"DEBUG=1",
					"$(inherited)",
				);
				GCC_WARN_64_TO_32_BIT_CONVERSION = YES;
				GCC_WARN_ABOUT_RETURN_TYPE = YES_ERROR;
				GCC_WARN_UNDECLARED_SELECTOR = YES;
				GCC_WARN_UNINITIALIZED_AUTOS = YES_AGGRESSIVE;
				GCC_WARN_UNUSED_FUNCTION = YES;
				GCC_WARN_UNUSED_VARIABLE = YES;
				IPHONEOS_DEPLOYMENT_TARGET = 11.4;
				MTL_ENABLE_DEBUG_INFO = YES;
				ONLY_ACTIVE_ARCH = YES;
				SDKROOT = iphoneos;
				SWIFT_ACTIVE_COMPILATION_CONDITIONS = DEBUG;
				SWIFT_OPTIMIZATION_LEVEL = "-Onone";
			};
			name = Debug;
		};
		171760B3218DB935000AA530 /* Release */ = {
			isa = XCBuildConfiguration;
			buildSettings = {
				ALWAYS_SEARCH_USER_PATHS = NO;
				CLANG_ANALYZER_NONNULL = YES;
				CLANG_ANALYZER_NUMBER_OBJECT_CONVERSION = YES_AGGRESSIVE;
				CLANG_CXX_LANGUAGE_STANDARD = "gnu++14";
				CLANG_CXX_LIBRARY = "libc++";
				CLANG_ENABLE_MODULES = YES;
				CLANG_ENABLE_OBJC_ARC = YES;
				CLANG_ENABLE_OBJC_WEAK = YES;
				CLANG_WARN_BLOCK_CAPTURE_AUTORELEASING = YES;
				CLANG_WARN_BOOL_CONVERSION = YES;
				CLANG_WARN_COMMA = YES;
				CLANG_WARN_CONSTANT_CONVERSION = YES;
				CLANG_WARN_DEPRECATED_OBJC_IMPLEMENTATIONS = YES;
				CLANG_WARN_DIRECT_OBJC_ISA_USAGE = YES_ERROR;
				CLANG_WARN_DOCUMENTATION_COMMENTS = YES;
				CLANG_WARN_EMPTY_BODY = YES;
				CLANG_WARN_ENUM_CONVERSION = YES;
				CLANG_WARN_INFINITE_RECURSION = YES;
				CLANG_WARN_INT_CONVERSION = YES;
				CLANG_WARN_NON_LITERAL_NULL_CONVERSION = YES;
				CLANG_WARN_OBJC_IMPLICIT_RETAIN_SELF = YES;
				CLANG_WARN_OBJC_LITERAL_CONVERSION = YES;
				CLANG_WARN_OBJC_ROOT_CLASS = YES_ERROR;
				CLANG_WARN_RANGE_LOOP_ANALYSIS = YES;
				CLANG_WARN_STRICT_PROTOTYPES = YES;
				CLANG_WARN_SUSPICIOUS_MOVE = YES;
				CLANG_WARN_UNGUARDED_AVAILABILITY = YES_AGGRESSIVE;
				CLANG_WARN_UNREACHABLE_CODE = YES;
				CLANG_WARN__DUPLICATE_METHOD_MATCH = YES;
				CODE_SIGN_IDENTITY = "iPhone Developer";
				COPY_PHASE_STRIP = NO;
				DEBUG_INFORMATION_FORMAT = "dwarf-with-dsym";
				ENABLE_NS_ASSERTIONS = NO;
				ENABLE_STRICT_OBJC_MSGSEND = YES;
				GCC_C_LANGUAGE_STANDARD = gnu11;
				GCC_NO_COMMON_BLOCKS = YES;
				GCC_WARN_64_TO_32_BIT_CONVERSION = YES;
				GCC_WARN_ABOUT_RETURN_TYPE = YES_ERROR;
				GCC_WARN_UNDECLARED_SELECTOR = YES;
				GCC_WARN_UNINITIALIZED_AUTOS = YES_AGGRESSIVE;
				GCC_WARN_UNUSED_FUNCTION = YES;
				GCC_WARN_UNUSED_VARIABLE = YES;
				IPHONEOS_DEPLOYMENT_TARGET = 11.4;
				MTL_ENABLE_DEBUG_INFO = NO;
				SDKROOT = iphoneos;
				SWIFT_COMPILATION_MODE = wholemodule;
				SWIFT_OPTIMIZATION_LEVEL = "-O";
				VALIDATE_PRODUCT = YES;
			};
			name = Release;
		};
		171760B5218DB935000AA530 /* Debug */ = {
			isa = XCBuildConfiguration;
			buildSettings = {
				ASSETCATALOG_COMPILER_APPICON_NAME = AppIcon;
				CODE_SIGN_STYLE = Automatic;
				INFOPLIST_FILE = summer2018Networking/Info.plist;
				LD_RUNPATH_SEARCH_PATHS = (
					"$(inherited)",
					"@executable_path/Frameworks",
				);
				PRODUCT_BUNDLE_IDENTIFIER = bws2007.summer2018Networking;
				PRODUCT_NAME = "$(TARGET_NAME)";
				SWIFT_VERSION = 4.0;
				TARGETED_DEVICE_FAMILY = "1,2";
			};
			name = Debug;
		};
		171760B6218DB935000AA530 /* Release */ = {
			isa = XCBuildConfiguration;
			buildSettings = {
				ASSETCATALOG_COMPILER_APPICON_NAME = AppIcon;
				CODE_SIGN_STYLE = Automatic;
				INFOPLIST_FILE = summer2018Networking/Info.plist;
				LD_RUNPATH_SEARCH_PATHS = (
					"$(inherited)",
					"@executable_path/Frameworks",
				);
				PRODUCT_BUNDLE_IDENTIFIER = bws2007.summer2018Networking;
				PRODUCT_NAME = "$(TARGET_NAME)";
				SWIFT_VERSION = 4.0;
				TARGETED_DEVICE_FAMILY = "1,2";
			};
			name = Release;
		};
/* End XCBuildConfiguration section */

/* Begin XCConfigurationList section */
		1717609D218DB932000AA530 /* Build configuration list for PBXProject "summer2018Networking" */ = {
			isa = XCConfigurationList;
			buildConfigurations = (
				171760B2218DB935000AA530 /* Debug */,
				171760B3218DB935000AA530 /* Release */,
			);
			defaultConfigurationIsVisible = 0;
			defaultConfigurationName = Release;
		};
		171760B4218DB935000AA530 /* Build configuration list for PBXNativeTarget "summer2018Networking" */ = {
			isa = XCConfigurationList;
			buildConfigurations = (
				171760B5218DB935000AA530 /* Debug */,
				171760B6218DB935000AA530 /* Release */,
			);
			defaultConfigurationIsVisible = 0;
			defaultConfigurationName = Release;
		};
/* End XCConfigurationList section */
	};
	rootObject = 1717609A218DB932000AA530 /* Project object */;
}
